
Microsoft Visual Studio Solution File, Format Version 12.00
Project("{FAE04EC0-301F-11D3-BF4B-00C04F79EFBC}") = "recipe-manager", "recipe-manager\recipe-manager.csproj", "{2B64A38E-C969-4AAF-9B9E-1CA691606C42}"
EndProject
Global
	GlobalSection(SolutionConfigurationPlatforms) = preSolution
		Debug|Any CPU = Debug|Any CPU
		Release|Any CPU = Release|Any CPU
	EndGlobalSection
	GlobalSection(ProjectConfigurationPlatforms) = postSolution
		{2B64A38E-C969-4AAF-9B9E-1CA691606C42}.Debug|Any CPU.ActiveCfg = Debug|Any CPU
		{2B64A38E-C969-4AAF-9B9E-1CA691606C42}.Debug|Any CPU.Build.0 = Debug|Any CPU
		{2B64A38E-C969-4AAF-9B9E-1CA691606C42}.Release|Any CPU.ActiveCfg = Release|Any CPU
		{2B64A38E-C969-4AAF-9B9E-1CA691606C42}.Release|Any CPU.Build.0 = Release|Any CPU
	EndGlobalSection
EndGlobal
